
Microsoft Visual Studio Solution File, Format Version 12.00
# Visual Studio Version 17
VisualStudioVersion = 17.10.35122.118
MinimumVisualStudioVersion = 10.0.40219.1
Project("{FAE04EC0-301F-11D3-BF4B-00C04F79EFBC}") = "ICInterfaces", "ICInterfaces\ICInterfaces.csproj", "{464B0E18-C79E-4A19-9DE7-AA630A9E3FFA}"
EndProject
Global
	GlobalSection(SolutionConfigurationPlatforms) = preSolution
		Debug|Any CPU = Debug|Any CPU
		Release|Any CPU = Release|Any CPU
	EndGlobalSection
	GlobalSection(ProjectConfigurationPlatforms) = postSolution
		{464B0E18-C79E-4A19-9DE7-AA630A9E3FFA}.Debug|Any CPU.ActiveCfg = Debug|Any CPU
		{464B0E18-C79E-4A19-9DE7-AA630A9E3FFA}.Debug|Any CPU.Build.0 = Debug|Any CPU
		{464B0E18-C79E-4A19-9DE7-AA630A9E3FFA}.Release|Any CPU.ActiveCfg = Release|Any CPU
		{464B0E18-C79E-4A19-9DE7-AA630A9E3FFA}.Release|Any CPU.Build.0 = Release|Any CPU
	EndGlobalSection
	GlobalSection(SolutionProperties) = preSolution
		HideSolutionNode = FALSE
	EndGlobalSection
	GlobalSection(ExtensibilityGlobals) = postSolution
		SolutionGuid = {984CC5F0-8635-4818-91B2-CE9F093D7663}
	EndGlobalSection
EndGlobal
